
Microsoft Visual Studio Solution File, Format Version 12.00
# Visual Studio 15
VisualStudioVersion = 15.0.27703.2042
MinimumVisualStudioVersion = 10.0.40219.1
Project("{FAE04EC0-301F-11D3-BF4B-00C04F79EFBC}") = "ContentWrapperExample.MVC", "ContentWrapperExample.MVC\ContentWrapperExample.MVC.csproj", "{4C6A2B1F-E017-4451-847B-E417633AC36C}"
EndProject
Project("{2150E333-8FDC-42A3-9474-1A3956D46DE8}") = "Helpers", "Helpers", "{85C93E38-3DB0-4577-BCD5-CDC6B275DFD8}"
EndProject
Project("{FAE04EC0-301F-11D3-BF4B-00C04F79EFBC}") = "Api.Helper.ContentWrapper.MVC", "..\Helpers\Api.Helper.ContentWrapper.MVC\Api.Helper.ContentWrapper.MVC.csproj", "{026E47EA-BC6C-45A0-BC07-105DB6FEB7E2}"
EndProject
Global
	GlobalSection(SolutionConfigurationPlatforms) = preSolution
		Debug|Any CPU = Debug|Any CPU
		Release|Any CPU = Release|Any CPU
	EndGlobalSection
	GlobalSection(ProjectConfigurationPlatforms) = postSolution
		{4C6A2B1F-E017-4451-847B-E417633AC36C}.Debug|Any CPU.ActiveCfg = Debug|Any CPU
		{4C6A2B1F-E017-4451-847B-E417633AC36C}.Debug|Any CPU.Build.0 = Debug|Any CPU
		{4C6A2B1F-E017-4451-847B-E417633AC36C}.Release|Any CPU.ActiveCfg = Release|Any CPU
		{4C6A2B1F-E017-4451-847B-E417633AC36C}.Release|Any CPU.Build.0 = Release|Any CPU
		{026E47EA-BC6C-45A0-BC07-105DB6FEB7E2}.Debug|Any CPU.ActiveCfg = Debug|Any CPU
		{026E47EA-BC6C-45A0-BC07-105DB6FEB7E2}.Debug|Any CPU.Build.0 = Debug|Any CPU
		{026E47EA-BC6C-45A0-BC07-105DB6FEB7E2}.Release|Any CPU.ActiveCfg = Release|Any CPU
		{026E47EA-BC6C-45A0-BC07-105DB6FEB7E2}.Release|Any CPU.Build.0 = Release|Any CPU
	EndGlobalSection
	GlobalSection(SolutionProperties) = preSolution
		HideSolutionNode = FALSE
	EndGlobalSection
	GlobalSection(NestedProjects) = preSolution
		{026E47EA-BC6C-45A0-BC07-105DB6FEB7E2} = {85C93E38-3DB0-4577-BCD5-CDC6B275DFD8}
	EndGlobalSection
	GlobalSection(ExtensibilityGlobals) = postSolution
		SolutionGuid = {963DFBD5-07D8-449C-98E3-F743E492EBB7}
	EndGlobalSection
EndGlobal
